// !$*UTF8*$!
{
	archiveVersion = 1;
	classes = {
	};
	objectVersion = 48;
	objects = {

/* Begin PBXBuildFile section */
		12C5C750203E5229004D6C0E /* ItemCell.swift in Sources */ = {isa = PBXBuildFile; fileRef = 12C5C74F203E5229004D6C0E /* ItemCell.swift */; };
		B805B0F72033C6B0001F5DF7 /* AppDelegate.swift in Sources */ = {isa = PBXBuildFile; fileRef = B805B0F62033C6B0001F5DF7 /* AppDelegate.swift */; };
		B805B0FC2033C6B0001F5DF7 /* Main.storyboard in Resources */ = {isa = PBXBuildFile; fileRef = B805B0FA2033C6B0001F5DF7 /* Main.storyboard */; };
		B805B0FE2033C6B0001F5DF7 /* Assets.xcassets in Resources */ = {isa = PBXBuildFile; fileRef = B805B0FD2033C6B0001F5DF7 /* Assets.xcassets */; };
		B805B1012033C6B0001F5DF7 /* LaunchScreen.storyboard in Resources */ = {isa = PBXBuildFile; fileRef = B805B0FF2033C6B0001F5DF7 /* LaunchScreen.storyboard */; };
		B805B10C2033C6B0001F5DF7 /* HomepwnerTests.swift in Sources */ = {isa = PBXBuildFile; fileRef = B805B10B2033C6B0001F5DF7 /* HomepwnerTests.swift */; };
		B805B1172033C6B0001F5DF7 /* HomepwnerUITests.swift in Sources */ = {isa = PBXBuildFile; fileRef = B805B1162033C6B0001F5DF7 /* HomepwnerUITests.swift */; };
		B805B1252033CE8C001F5DF7 /* ItemsViewController..swift in Sources */ = {isa = PBXBuildFile; fileRef = B805B1242033CE8C001F5DF7 /* ItemsViewController..swift */; };
		B805B1272033CF9A001F5DF7 /* Item.swift in Sources */ = {isa = PBXBuildFile; fileRef = B805B1262033CF9A001F5DF7 /* Item.swift */; };
		B805B1292033CFFB001F5DF7 /* ItemStore.swift in Sources */ = {isa = PBXBuildFile; fileRef = B805B1282033CFFB001F5DF7 /* ItemStore.swift */; };
/* End PBXBuildFile section */

/* Begin PBXContainerItemProxy section */
		B805B1082033C6B0001F5DF7 /* PBXContainerItemProxy */ = {
			isa = PBXContainerItemProxy;
			containerPortal = B805B0EB2033C6B0001F5DF7 /* Project object */;
			proxyType = 1;
			remoteGlobalIDString = B805B0F22033C6B0001F5DF7;
			remoteInfo = Homepwner;
		};
		B805B1132033C6B0001F5DF7 /* PBXContainerItemProxy */ = {
			isa = PBXContainerItemProxy;
			containerPortal = B805B0EB2033C6B0001F5DF7 /* Project object */;
			proxyType = 1;
			remoteGlobalIDString = B805B0F22033C6B0001F5DF7;
			remoteInfo = Homepwner;
		};
/* End PBXContainerItemProxy section */

/* Begin PBXFileReference section */
		12C5C74F203E5229004D6C0E /* ItemCell.swift */ = {isa = PBXFileReference; lastKnownFileType = sourcecode.swift; path = ItemCell.swift; sourceTree = "<group>"; };
		B805B0F32033C6B0001F5DF7 /* Homepwner.app */ = {isa = PBXFileReference; explicitFileType = wrapper.application; includeInIndex = 0; path = Homepwner.app; sourceTree = BUILT_PRODUCTS_DIR; };
		B805B0F62033C6B0001F5DF7 /* AppDelegate.swift */ = {isa = PBXFileReference; lastKnownFileType = sourcecode.swift; path = AppDelegate.swift; sourceTree = "<group>"; };
		B805B0FB2033C6B0001F5DF7 /* Base */ = {isa = PBXFileReference; lastKnownFileType = file.storyboard; name = Base; path = Base.lproj/Main.storyboard; sourceTree = "<group>"; };
		B805B0FD2033C6B0001F5DF7 /* Assets.xcassets */ = {isa = PBXFileReference; lastKnownFileType = folder.assetcatalog; path = Assets.xcassets; sourceTree = "<group>"; };
		B805B1002033C6B0001F5DF7 /* Base */ = {isa = PBXFileReference; lastKnownFileType = file.storyboard; name = Base; path = Base.lproj/LaunchScreen.storyboard; sourceTree = "<group>"; };
		B805B1022033C6B0001F5DF7 /* Info.plist */ = {isa = PBXFileReference; lastKnownFileType = text.plist.xml; path = Info.plist; sourceTree = "<group>"; };
		B805B1072033C6B0001F5DF7 /* HomepwnerTests.xctest */ = {isa = PBXFileReference; explicitFileType = wrapper.cfbundle; includeInIndex = 0; path = HomepwnerTests.xctest; sourceTree = BUILT_PRODUCTS_DIR; };
		B805B10B2033C6B0001F5DF7 /* HomepwnerTests.swift */ = {isa = PBXFileReference; lastKnownFileType = sourcecode.swift; path = HomepwnerTests.swift; sourceTree = "<group>"; };
		B805B10D2033C6B0001F5DF7 /* Info.plist */ = {isa = PBXFileReference; lastKnownFileType = text.plist.xml; path = Info.plist; sourceTree = "<group>"; };
		B805B1122033C6B0001F5DF7 /* HomepwnerUITests.xctest */ = {isa = PBXFileReference; explicitFileType = wrapper.cfbundle; includeInIndex = 0; path = HomepwnerUITests.xctest; sourceTree = BUILT_PRODUCTS_DIR; };
		B805B1162033C6B0001F5DF7 /* HomepwnerUITests.swift */ = {isa = PBXFileReference; lastKnownFileType = sourcecode.swift; path = HomepwnerUITests.swift; sourceTree = "<group>"; };
		B805B1182033C6B0001F5DF7 /* Info.plist */ = {isa = PBXFileReference; lastKnownFileType = text.plist.xml; path = Info.plist; sourceTree = "<group>"; };
		B805B1242033CE8C001F5DF7 /* ItemsViewController..swift */ = {isa = PBXFileReference; lastKnownFileType = sourcecode.swift; path = ItemsViewController..swift; sourceTree = "<group>"; };
		B805B1262033CF9A001F5DF7 /* Item.swift */ = {isa = PBXFileReference; lastKnownFileType = sourcecode.swift; path = Item.swift; sourceTree = "<group>"; };
		B805B1282033CFFB001F5DF7 /* ItemStore.swift */ = {isa = PBXFileReference; lastKnownFileType = sourcecode.swift; path = ItemStore.swift; sourceTree = "<group>"; };
/* End PBXFileReference section */

/* Begin PBXFrameworksBuildPhase section */
		B805B0F02033C6B0001F5DF7 /* Frameworks */ = {
			isa = PBXFrameworksBuildPhase;
			buildActionMask = 2147483647;
			files = (
			);
			runOnlyForDeploymentPostprocessing = 0;
		};
		B805B1042033C6B0001F5DF7 /* Frameworks */ = {
			isa = PBXFrameworksBuildPhase;
			buildActionMask = 2147483647;
			files = (
			);
			runOnlyForDeploymentPostprocessing = 0;
		};
		B805B10F2033C6B0001F5DF7 /* Frameworks */ = {
			isa = PBXFrameworksBuildPhase;
			buildActionMask = 2147483647;
			files = (
			);
			runOnlyForDeploymentPostprocessing = 0;
		};
/* End PBXFrameworksBuildPhase section */

/* Begin PBXGroup section */
		B805B0EA2033C6B0001F5DF7 = {
			isa = PBXGroup;
			children = (
				B805B0F52033C6B0001F5DF7 /* Homepwner */,
				B805B10A2033C6B0001F5DF7 /* HomepwnerTests */,
				B805B1152033C6B0001F5DF7 /* HomepwnerUITests */,
				B805B0F42033C6B0001F5DF7 /* Products */,
			);
			sourceTree = "<group>";
		};
		B805B0F42033C6B0001F5DF7 /* Products */ = {
			isa = PBXGroup;
			children = (
				B805B0F32033C6B0001F5DF7 /* Homepwner.app */,
				B805B1072033C6B0001F5DF7 /* HomepwnerTests.xctest */,
				B805B1122033C6B0001F5DF7 /* HomepwnerUITests.xctest */,
			);
			name = Products;
			sourceTree = "<group>";
		};
		B805B0F52033C6B0001F5DF7 /* Homepwner */ = {
			isa = PBXGroup;
			children = (
				B805B0F62033C6B0001F5DF7 /* AppDelegate.swift */,
				B805B0FA2033C6B0001F5DF7 /* Main.storyboard */,
				B805B0FD2033C6B0001F5DF7 /* Assets.xcassets */,
				B805B0FF2033C6B0001F5DF7 /* LaunchScreen.storyboard */,
				B805B1022033C6B0001F5DF7 /* Info.plist */,
				B805B1242033CE8C001F5DF7 /* ItemsViewController..swift */,
				B805B1262033CF9A001F5DF7 /* Item.swift */,
				B805B1282033CFFB001F5DF7 /* ItemStore.swift */,
				12C5C74F203E5229004D6C0E /* ItemCell.swift */,
			);
			path = Homepwner;
			sourceTree = "<group>";
		};
		B805B10A2033C6B0001F5DF7 /* HomepwnerTests */ = {
			isa = PBXGroup;
			children = (
				B805B10B2033C6B0001F5DF7 /* HomepwnerTests.swift */,
				B805B10D2033C6B0001F5DF7 /* Info.plist */,
			);
			path = HomepwnerTests;
			sourceTree = "<group>";
		};
		B805B1152033C6B0001F5DF7 /* HomepwnerUITests */ = {
			isa = PBXGroup;
			children = (
				B805B1162033C6B0001F5DF7 /* HomepwnerUITests.swift */,
				B805B1182033C6B0001F5DF7 /* Info.plist */,
			);
			path = HomepwnerUITests;
			sourceTree = "<group>";
		};
/* End PBXGroup section */

/* Begin PBXNativeTarget section */
		B805B0F22033C6B0001F5DF7 /* Homepwner */ = {
			isa = PBXNativeTarget;
			buildConfigurationList = B805B11B2033C6B0001F5DF7 /* Build configuration list for PBXNativeTarget "Homepwner" */;
			buildPhases = (
				B805B0EF2033C6B0001F5DF7 /* Sources */,
				B805B0F02033C6B0001F5DF7 /* Frameworks */,
				B805B0F12033C6B0001F5DF7 /* Resources */,
			);
			buildRules = (
			);
			dependencies = (
			);
			name = Homepwner;
			productName = Homepwner;
			productReference = B805B0F32033C6B0001F5DF7 /* Homepwner.app */;
			productType = "com.apple.product-type.application";
		};
		B805B1062033C6B0001F5DF7 /* HomepwnerTests */ = {
			isa = PBXNativeTarget;
			buildConfigurationList = B805B11E2033C6B0001F5DF7 /* Build configuration list for PBXNativeTarget "HomepwnerTests" */;
			buildPhases = (
				B805B1032033C6B0001F5DF7 /* Sources */,
				B805B1042033C6B0001F5DF7 /* Frameworks */,
				B805B1052033C6B0001F5DF7 /* Resources */,
			);
			buildRules = (
			);
			dependencies = (
				B805B1092033C6B0001F5DF7 /* PBXTargetDependency */,
			);
			name = HomepwnerTests;
			productName = HomepwnerTests;
			productReference = B805B1072033C6B0001F5DF7 /* HomepwnerTests.xctest */;
			productType = "com.apple.product-type.bundle.unit-test";
		};
		B805B1112033C6B0001F5DF7 /* HomepwnerUITests */ = {
			isa = PBXNativeTarget;
			buildConfigurationList = B805B1212033C6B0001F5DF7 /* Build configuration list for PBXNativeTarget "HomepwnerUITests" */;
			buildPhases = (
				B805B10E2033C6B0001F5DF7 /* Sources */,
				B805B10F2033C6B0001F5DF7 /* Frameworks */,
				B805B1102033C6B0001F5DF7 /* Resources */,
			);
			buildRules = (
			);
			dependencies = (
				B805B1142033C6B0001F5DF7 /* PBXTargetDependency */,
			);
			name = HomepwnerUITests;
			productName = HomepwnerUITests;
			productReference = B805B1122033C6B0001F5DF7 /* HomepwnerUITests.xctest */;
			productType = "com.apple.product-type.bundle.ui-testing";
		};
/* End PBXNativeTarget section */

/* Begin PBXProject section */
		B805B0EB2033C6B0001F5DF7 /* Project object */ = {
			isa = PBXProject;
			attributes = {
				LastSwiftUpdateCheck = 0920;
				LastUpgradeCheck = 0920;
				ORGANIZATIONNAME = "Paquin, Wyatt A";
				TargetAttributes = {
					B805B0F22033C6B0001F5DF7 = {
						CreatedOnToolsVersion = 9.2;
						ProvisioningStyle = Automatic;
					};
					B805B1062033C6B0001F5DF7 = {
						CreatedOnToolsVersion = 9.2;
						ProvisioningStyle = Automatic;
						TestTargetID = B805B0F22033C6B0001F5DF7;
					};
					B805B1112033C6B0001F5DF7 = {
						CreatedOnToolsVersion = 9.2;
						ProvisioningStyle = Automatic;
						TestTargetID = B805B0F22033C6B0001F5DF7;
					};
				};
			};
			buildConfigurationList = B805B0EE2033C6B0001F5DF7 /* Build configuration list for PBXProject "Homepwner" */;
			compatibilityVersion = "Xcode 8.0";
			developmentRegion = en;
			hasScannedForEncodings = 0;
			knownRegions = (
				en,
				Base,
			);
			mainGroup = B805B0EA2033C6B0001F5DF7;
			productRefGroup = B805B0F42033C6B0001F5DF7 /* Products */;
			projectDirPath = "";
			projectRoot = "";
			targets = (
				B805B0F22033C6B0001F5DF7 /* Homepwner */,
				B805B1062033C6B0001F5DF7 /* HomepwnerTests */,
				B805B1112033C6B0001F5DF7 /* HomepwnerUITests */,
			);
		};
/* End PBXProject section */

/* Begin PBXResourcesBuildPhase section */
		B805B0F12033C6B0001F5DF7 /* Resources */ = {
			isa = PBXResourcesBuildPhase;
			buildActionMask = 2147483647;
			files = (
				B805B1012033C6B0001F5DF7 /* LaunchScreen.storyboard in Resources */,
				B805B0FE2033C6B0001F5DF7 /* Assets.xcassets in Resources */,
				B805B0FC2033C6B0001F5DF7 /* Main.storyboard in Resources */,
			);
			runOnlyForDeploymentPostprocessing = 0;
		};
		B805B1052033C6B0001F5DF7 /* Resources */ = {
			isa = PBXResourcesBuildPhase;
			buildActionMask = 2147483647;
			files = (
			);
			runOnlyForDeploymentPostprocessing = 0;
		};
		B805B1102033C6B0001F5DF7 /* Resources */ = {
			isa = PBXResourcesBuildPhase;
			buildActionMask = 2147483647;
			files = (
			);
			runOnlyForDeploymentPostprocessing = 0;
		};
/* End PBXResourcesBuildPhase section */

/* Begin PBXSourcesBuildPhase section */
		B805B0EF2033C6B0001F5DF7 /* Sources */ = {
			isa = PBXSourcesBuildPhase;
			buildActionMask = 2147483647;
			files = (
				B805B0F72033C6B0001F5DF7 /* AppDelegate.swift in Sources */,
				B805B1272033CF9A001F5DF7 /* Item.swift in Sources */,
				B805B1292033CFFB001F5DF7 /* ItemStore.swift in Sources */,
				B805B1252033CE8C001F5DF7 /* ItemsViewController..swift in Sources */,
				12C5C750203E5229004D6C0E /* ItemCell.swift in Sources */,
			);
			runOnlyForDeploymentPostprocessing = 0;
		};
		B805B1032033C6B0001F5DF7 /* Sources */ = {
			isa = PBXSourcesBuildPhase;
			buildActionMask = 2147483647;
			files = (
				B805B10C2033C6B0001F5DF7 /* HomepwnerTests.swift in Sources */,
			);
			runOnlyForDeploymentPostprocessing = 0;
		};
		B805B10E2033C6B0001F5DF7 /* Sources */ = {
			isa = PBXSourcesBuildPhase;
			buildActionMask = 2147483647;
			files = (
				B805B1172033C6B0001F5DF7 /* HomepwnerUITests.swift in Sources */,
			);
			runOnlyForDeploymentPostprocessing = 0;
		};
/* End PBXSourcesBuildPhase section */

/* Begin PBXTargetDependency section */
		B805B1092033C6B0001F5DF7 /* PBXTargetDependency */ = {
			isa = PBXTargetDependency;
			target = B805B0F22033C6B0001F5DF7 /* Homepwner */;
			targetProxy = B805B1082033C6B0001F5DF7 /* PBXContainerItemProxy */;
		};
		B805B1142033C6B0001F5DF7 /* PBXTargetDependency */ = {
			isa = PBXTargetDependency;
			target = B805B0F22033C6B0001F5DF7 /* Homepwner */;
			targetProxy = B805B1132033C6B0001F5DF7 /* PBXContainerItemProxy */;
		};
/* End PBXTargetDependency section */

/* Begin PBXVariantGroup section */
		B805B0FA2033C6B0001F5DF7 /* Main.storyboard */ = {
			isa = PBXVariantGroup;
			children = (
				B805B0FB2033C6B0001F5DF7 /* Base */,
			);
			name = Main.storyboard;
			sourceTree = "<group>";
		};
		B805B0FF2033C6B0001F5DF7 /* LaunchScreen.storyboard */ = {
			isa = PBXVariantGroup;
			children = (
				B805B1002033C6B0001F5DF7 /* Base */,
			);
			name = LaunchScreen.storyboard;
			sourceTree = "<group>";
		};
/* End PBXVariantGroup section */

/* Begin XCBuildConfiguration section */
		B805B1192033C6B0001F5DF7 /* Debug */ = {
			isa = XCBuildConfiguration;
			buildSettings = {
				ALWAYS_SEARCH_USER_PATHS = NO;
				CLANG_ANALYZER_NONNULL = YES;
				CLANG_ANALYZER_NUMBER_OBJECT_CONVERSION = YES_AGGRESSIVE;
				CLANG_CXX_LANGUAGE_STANDARD = "gnu++14";
				CLANG_CXX_LIBRARY = "libc++";
				CLANG_ENABLE_MODULES = YES;
				CLANG_ENABLE_OBJC_ARC = YES;
				CLANG_WARN_BLOCK_CAPTURE_AUTORELEASING = YES;
				CLANG_WARN_BOOL_CONVERSION = YES;
				CLANG_WARN_COMMA = YES;
				CLANG_WARN_CONSTANT_CONVERSION = YES;
				CLANG_WARN_DIRECT_OBJC_ISA_USAGE = YES_ERROR;
				CLANG_WARN_DOCUMENTATION_COMMENTS = YES;
				CLANG_WARN_EMPTY_BODY = YES;
				CLANG_WARN_ENUM_CONVERSION = YES;
				CLANG_WARN_INFINITE_RECURSION = YES;
				CLANG_WARN_INT_CONVERSION = YES;
				CLANG_WARN_NON_LITERAL_NULL_CONVERSION = YES;
				CLANG_WARN_OBJC_LITERAL_CONVERSION = YES;
				CLANG_WARN_OBJC_ROOT_CLASS = YES_ERROR;
				CLANG_WARN_RANGE_LOOP_ANALYSIS = YES;
				CLANG_WARN_STRICT_PROTOTYPES = YES;
				CLANG_WARN_SUSPICIOUS_MOVE = YES;
				CLANG_WARN_UNGUARDED_AVAILABILITY = YES_AGGRESSIVE;
				CLANG_WARN_UNREACHABLE_CODE = YES;
				CLANG_WARN__DUPLICATE_METHOD_MATCH = YES;
				CODE_SIGN_IDENTITY = "iPhone Developer";
				COPY_PHASE_STRIP = NO;
				DEBUG_INFORMATION_FORMAT = dwarf;
				ENABLE_STRICT_OBJC_MSGSEND = YES;
				ENABLE_TESTABILITY = YES;
				GCC_C_LANGUAGE_STANDARD = gnu11;
				GCC_DYNAMIC_NO_PIC = NO;
				GCC_NO_COMMON_BLOCKS = YES;
				GCC_OPTIMIZATION_LEVEL = 0;
				GCC_PREPROCESSOR_DEFINITIONS = (
					"DEBUG=1",
					"$(inherited)",
				);
				GCC_WARN_64_TO_32_BIT_CONVERSION = YES;
				GCC_WARN_ABOUT_RETURN_TYPE = YES_ERROR;
				GCC_WARN_UNDECLARED_SELECTOR = YES;
				GCC_WARN_UNINITIALIZED_AUTOS = YES_AGGRESSIVE;
				GCC_WARN_UNUSED_FUNCTION = YES;
				GCC_WARN_UNUSED_VARIABLE = YES;
				IPHONEOS_DEPLOYMENT_TARGET = 11.2;
				MTL_ENABLE_DEBUG_INFO = YES;
				ONLY_ACTIVE_ARCH = YES;
				SDKROOT = iphoneos;
				SWIFT_ACTIVE_COMPILATION_CONDITIONS = DEBUG;
				SWIFT_OPTIMIZATION_LEVEL = "-Onone";
			};
			name = Debug;
		};
		B805B11A2033C6B0001F5DF7 /* Release */ = {
			isa = XCBuildConfiguration;
			buildSettings = {
				ALWAYS_SEARCH_USER_PATHS = NO;
				CLANG_ANALYZER_NONNULL = YES;
				CLANG_ANALYZER_NUMBER_OBJECT_CONVERSION = YES_AGGRESSIVE;
				CLANG_CXX_LANGUAGE_STANDARD = "gnu++14";
				CLANG_CXX_LIBRARY = "libc++";
				CLANG_ENABLE_MODULES = YES;
				CLANG_ENABLE_OBJC_ARC = YES;
				CLANG_WARN_BLOCK_CAPTURE_AUTORELEASING = YES;
				CLANG_WARN_BOOL_CONVERSION = YES;
				CLANG_WARN_COMMA = YES;
				CLANG_WARN_CONSTANT_CONVERSION = YES;
				CLANG_WARN_DIRECT_OBJC_ISA_USAGE = YES_ERROR;
				CLANG_WARN_DOCUMENTATION_COMMENTS = YES;
				CLANG_WARN_EMPTY_BODY = YES;
				CLANG_WARN_ENUM_CONVERSION = YES;
				CLANG_WARN_INFINITE_RECURSION = YES;
				CLANG_WARN_INT_CONVERSION = YES;
				CLANG_WARN_NON_LITERAL_NULL_CONVERSION = YES;
				CLANG_WARN_OBJC_LITERAL_CONVERSION = YES;
				CLANG_WARN_OBJC_ROOT_CLASS = YES_ERROR;
				CLANG_WARN_RANGE_LOOP_ANALYSIS = YES;
				CLANG_WARN_STRICT_PROTOTYPES = YES;
				CLANG_WARN_SUSPICIOUS_MOVE = YES;
				CLANG_WARN_UNGUARDED_AVAILABILITY = YES_AGGRESSIVE;
				CLANG_WARN_UNREACHABLE_CODE = YES;
				CLANG_WARN__DUPLICATE_METHOD_MATCH = YES;
				CODE_SIGN_IDENTITY = "iPhone Developer";
				COPY_PHASE_STRIP = NO;
				DEBUG_INFORMATION_FORMAT = "dwarf-with-dsym";
				ENABLE_NS_ASSERTIONS = NO;
				ENABLE_STRICT_OBJC_MSGSEND = YES;
				GCC_C_LANGUAGE_STANDARD = gnu11;
				GCC_NO_COMMON_BLOCKS = YES;
				GCC_WARN_64_TO_32_BIT_CONVERSION = YES;
				GCC_WARN_ABOUT_RETURN_TYPE = YES_ERROR;
				GCC_WARN_UNDECLARED_SELECTOR = YES;
				GCC_WARN_UNINITIALIZED_AUTOS = YES_AGGRESSIVE;
				GCC_WARN_UNUSED_FUNCTION = YES;
				GCC_WARN_UNUSED_VARIABLE = YES;
				IPHONEOS_DEPLOYMENT_TARGET = 11.2;
				MTL_ENABLE_DEBUG_INFO = NO;
				SDKROOT = iphoneos;
				SWIFT_OPTIMIZATION_LEVEL = "-Owholemodule";
				VALIDATE_PRODUCT = YES;
			};
			name = Release;
		};
		B805B11C2033C6B0001F5DF7 /* Debug */ = {
			isa = XCBuildConfiguration;
			buildSettings = {
				ASSETCATALOG_COMPILER_APPICON_NAME = AppIcon;
				CODE_SIGN_STYLE = Automatic;
				DEVELOPMENT_TEAM = HSCJQJ2VY6;
				INFOPLIST_FILE = Homepwner/Info.plist;
				LD_RUNPATH_SEARCH_PATHS = "$(inherited) @executable_path/Frameworks";
				PRODUCT_BUNDLE_IDENTIFIER = shoe.Homepwner;
				PRODUCT_NAME = "$(TARGET_NAME)";
				SWIFT_VERSION = 4.0;
				TARGETED_DEVICE_FAMILY = "1,2";
			};
			name = Debug;
		};
		B805B11D2033C6B0001F5DF7 /* Release */ = {
			isa = XCBuildConfiguration;
			buildSettings = {
				ASSETCATALOG_COMPILER_APPICON_NAME = AppIcon;
				CODE_SIGN_STYLE = Automatic;
				DEVELOPMENT_TEAM = HSCJQJ2VY6;
				INFOPLIST_FILE = Homepwner/Info.plist;
				LD_RUNPATH_SEARCH_PATHS = "$(inherited) @executable_path/Frameworks";
				PRODUCT_BUNDLE_IDENTIFIER = shoe.Homepwner;
				PRODUCT_NAME = "$(TARGET_NAME)";
				SWIFT_VERSION = 4.0;
				TARGETED_DEVICE_FAMILY = "1,2";
			};
			name = Release;
		};
		B805B11F2033C6B0001F5DF7 /* Debug */ = {
			isa = XCBuildConfiguration;
			buildSettings = {
				ALWAYS_EMBED_SWIFT_STANDARD_LIBRARIES = YES;
				BUNDLE_LOADER = "$(TEST_HOST)";
				CODE_SIGN_STYLE = Automatic;
				DEVELOPMENT_TEAM = HSCJQJ2VY6;
				INFOPLIST_FILE = HomepwnerTests/Info.plist;
				LD_RUNPATH_SEARCH_PATHS = "$(inherited) @executable_path/Frameworks @loader_path/Frameworks";
				PRODUCT_BUNDLE_IDENTIFIER = shoe.HomepwnerTests;
				PRODUCT_NAME = "$(TARGET_NAME)";
				SWIFT_VERSION = 4.0;
				TARGETED_DEVICE_FAMILY = "1,2";
				TEST_HOST = "$(BUILT_PRODUCTS_DIR)/Homepwner.app/Homepwner";
			};
			name = Debug;
		};
		B805B1202033C6B0001F5DF7 /* Release */ = {
			isa = XCBuildConfiguration;
			buildSettings = {
				ALWAYS_EMBED_SWIFT_STANDARD_LIBRARIES = YES;
				BUNDLE_LOADER = "$(TEST_HOST)";
				CODE_SIGN_STYLE = Automatic;
				DEVELOPMENT_TEAM = HSCJQJ2VY6;
				INFOPLIST_FILE = HomepwnerTests/Info.plist;
				LD_RUNPATH_SEARCH_PATHS = "$(inherited) @executable_path/Frameworks @loader_path/Frameworks";
				PRODUCT_BUNDLE_IDENTIFIER = shoe.HomepwnerTests;
				PRODUCT_NAME = "$(TARGET_NAME)";
				SWIFT_VERSION = 4.0;
				TARGETED_DEVICE_FAMILY = "1,2";
				TEST_HOST = "$(BUILT_PRODUCTS_DIR)/Homepwner.app/Homepwner";
			};
			name = Release;
		};
		B805B1222033C6B0001F5DF7 /* Debug */ = {
			isa = XCBuildConfiguration;
			buildSettings = {
				ALWAYS_EMBED_SWIFT_STANDARD_LIBRARIES = YES;
				CODE_SIGN_STYLE = Automatic;
				DEVELOPMENT_TEAM = HSCJQJ2VY6;
				INFOPLIST_FILE = HomepwnerUITests/Info.plist;
				LD_RUNPATH_SEARCH_PATHS = "$(inherited) @executable_path/Frameworks @loader_path/Frameworks";
				PRODUCT_BUNDLE_IDENTIFIER = shoe.HomepwnerUITests;
				PRODUCT_NAME = "$(TARGET_NAME)";
				SWIFT_VERSION = 4.0;
				TARGETED_DEVICE_FAMILY = "1,2";
				TEST_TARGET_NAME = Homepwner;
			};
			name = Debug;
		};
		B805B1232033C6B0001F5DF7 /* Release */ = {
			isa = XCBuildConfiguration;
			buildSettings = {
				ALWAYS_EMBED_SWIFT_STANDARD_LIBRARIES = YES;
				CODE_SIGN_STYLE = Automatic;
				DEVELOPMENT_TEAM = HSCJQJ2VY6;
				INFOPLIST_FILE = HomepwnerUITests/Info.plist;
				LD_RUNPATH_SEARCH_PATHS = "$(inherited) @executable_path/Frameworks @loader_path/Frameworks";
				PRODUCT_BUNDLE_IDENTIFIER = shoe.HomepwnerUITests;
				PRODUCT_NAME = "$(TARGET_NAME)";
				SWIFT_VERSION = 4.0;
				TARGETED_DEVICE_FAMILY = "1,2";
				TEST_TARGET_NAME = Homepwner;
			};
			name = Release;
		};
/* End XCBuildConfiguration section */

/* Begin XCConfigurationList section */
		B805B0EE2033C6B0001F5DF7 /* Build configuration list for PBXProject "Homepwner" */ = {
			isa = XCConfigurationList;
			buildConfigurations = (
				B805B1192033C6B0001F5DF7 /* Debug */,
				B805B11A2033C6B0001F5DF7 /* Release */,
			);
			defaultConfigurationIsVisible = 0;
			defaultConfigurationName = Release;
		};
		B805B11B2033C6B0001F5DF7 /* Build configuration list for PBXNativeTarget "Homepwner" */ = {
			isa = XCConfigurationList;
			buildConfigurations = (
				B805B11C2033C6B0001F5DF7 /* Debug */,
				B805B11D2033C6B0001F5DF7 /* Release */,
			);
			defaultConfigurationIsVisible = 0;
			defaultConfigurationName = Release;
		};
		B805B11E2033C6B0001F5DF7 /* Build configuration list for PBXNativeTarget "HomepwnerTests" */ = {
			isa = XCConfigurationList;
			buildConfigurations = (
				B805B11F2033C6B0001F5DF7 /* Debug */,
				B805B1202033C6B0001F5DF7 /* Release */,
			);
			defaultConfigurationIsVisible = 0;
			defaultConfigurationName = Release;
		};
		B805B1212033C6B0001F5DF7 /* Build configuration list for PBXNativeTarget "HomepwnerUITests" */ = {
			isa = XCConfigurationList;
			buildConfigurations = (
				B805B1222033C6B0001F5DF7 /* Debug */,
				B805B1232033C6B0001F5DF7 /* Release */,
			);
			defaultConfigurationIsVisible = 0;
			defaultConfigurationName = Release;
		};
/* End XCConfigurationList section */
	};
	rootObject = B805B0EB2033C6B0001F5DF7 /* Project object */;
}
